// !$*UTF8*$!
{
	archiveVersion = 1;
	classes = {
	};
	objectVersion = 56;
	objects = {

/* Begin PBXBuildFile section */
		1EE58818EA8039D88A1AFE30 /* Pods_Google_Cloud_SpeechToText.framework in Frameworks */ = {isa = PBXBuildFile; fileRef = 5A49605DFA2F7D4EEEFFDBB7 /* Pods_Google_Cloud_SpeechToText.framework */; };
		5369F0FA2C2449D100D360FE /* MainViewModel.swift in Sources */ = {isa = PBXBuildFile; fileRef = 5369F0F92C2449D100D360FE /* MainViewModel.swift */; };
		5369F0FE2C244F2000D360FE /* Extension.swift in Sources */ = {isa = PBXBuildFile; fileRef = 5369F0FD2C244F2000D360FE /* Extension.swift */; };
		53E1C87D2C245249007CF3C4 /* MicrophonePermission in Frameworks */ = {isa = PBXBuildFile; productRef = 53E1C87C2C245249007CF3C4 /* MicrophonePermission */; };
		53E383802C2443B300D7BD22 /* MainApp.swift in Sources */ = {isa = PBXBuildFile; fileRef = 53E3837F2C2443B300D7BD22 /* MainApp.swift */; };
		53E383822C2443B300D7BD22 /* ContentView.swift in Sources */ = {isa = PBXBuildFile; fileRef = 53E383812C2443B300D7BD22 /* ContentView.swift */; };
		53E383842C2443B400D7BD22 /* Assets.xcassets in Resources */ = {isa = PBXBuildFile; fileRef = 53E383832C2443B400D7BD22 /* Assets.xcassets */; };
		53E383872C2443B400D7BD22 /* Preview Assets.xcassets in Resources */ = {isa = PBXBuildFile; fileRef = 53E383862C2443B400D7BD22 /* Preview Assets.xcassets */; };
		53E383912C24455700D7BD22 /* AudioController.swift in Sources */ = {isa = PBXBuildFile; fileRef = 53E3838E2C24455700D7BD22 /* AudioController.swift */; };
		53E383922C24455700D7BD22 /* SpeechRecognitionService.swift in Sources */ = {isa = PBXBuildFile; fileRef = 53E3838F2C24455700D7BD22 /* SpeechRecognitionService.swift */; };
/* End PBXBuildFile section */

/* Begin PBXFileReference section */
		5369F0F92C2449D100D360FE /* MainViewModel.swift */ = {isa = PBXFileReference; lastKnownFileType = sourcecode.swift; path = MainViewModel.swift; sourceTree = "<group>"; };
		5369F0FD2C244F2000D360FE /* Extension.swift */ = {isa = PBXFileReference; lastKnownFileType = sourcecode.swift; path = Extension.swift; sourceTree = "<group>"; };
		53E3837C2C2443B300D7BD22 /* Google-Cloud-SpeechToText.app */ = {isa = PBXFileReference; explicitFileType = wrapper.application; includeInIndex = 0; path = "Google-Cloud-SpeechToText.app"; sourceTree = BUILT_PRODUCTS_DIR; };
		53E3837F2C2443B300D7BD22 /* MainApp.swift */ = {isa = PBXFileReference; lastKnownFileType = sourcecode.swift; path = MainApp.swift; sourceTree = "<group>"; };
		53E383812C2443B300D7BD22 /* ContentView.swift */ = {isa = PBXFileReference; lastKnownFileType = sourcecode.swift; path = ContentView.swift; sourceTree = "<group>"; };
		53E383832C2443B400D7BD22 /* Assets.xcassets */ = {isa = PBXFileReference; lastKnownFileType = folder.assetcatalog; path = Assets.xcassets; sourceTree = "<group>"; };
		53E383862C2443B400D7BD22 /* Preview Assets.xcassets */ = {isa = PBXFileReference; lastKnownFileType = folder.assetcatalog; path = "Preview Assets.xcassets"; sourceTree = "<group>"; };
		53E3838D2C24455700D7BD22 /* Speech-Bridging-Header.h */ = {isa = PBXFileReference; fileEncoding = 4; lastKnownFileType = sourcecode.c.h; path = "Speech-Bridging-Header.h"; sourceTree = "<group>"; };
		53E3838E2C24455700D7BD22 /* AudioController.swift */ = {isa = PBXFileReference; fileEncoding = 4; lastKnownFileType = sourcecode.swift; path = AudioController.swift; sourceTree = "<group>"; };
		53E3838F2C24455700D7BD22 /* SpeechRecognitionService.swift */ = {isa = PBXFileReference; fileEncoding = 4; lastKnownFileType = sourcecode.swift; path = SpeechRecognitionService.swift; sourceTree = "<group>"; };
		5A49605DFA2F7D4EEEFFDBB7 /* Pods_Google_Cloud_SpeechToText.framework */ = {isa = PBXFileReference; explicitFileType = wrapper.framework; includeInIndex = 0; path = Pods_Google_Cloud_SpeechToText.framework; sourceTree = BUILT_PRODUCTS_DIR; };
		928137E67785A770A5179276 /* Pods-Google-Cloud-SpeechToText.debug.xcconfig */ = {isa = PBXFileReference; includeInIndex = 1; lastKnownFileType = text.xcconfig; name = "Pods-Google-Cloud-SpeechToText.debug.xcconfig"; path = "Target Support Files/Pods-Google-Cloud-SpeechToText/Pods-Google-Cloud-SpeechToText.debug.xcconfig"; sourceTree = "<group>"; };
		A76A04D7642E2F20B6876B33 /* Pods-Google-Cloud-SpeechToText.release.xcconfig */ = {isa = PBXFileReference; includeInIndex = 1; lastKnownFileType = text.xcconfig; name = "Pods-Google-Cloud-SpeechToText.release.xcconfig"; path = "Target Support Files/Pods-Google-Cloud-SpeechToText/Pods-Google-Cloud-SpeechToText.release.xcconfig"; sourceTree = "<group>"; };
/* End PBXFileReference section */

/* Begin PBXFrameworksBuildPhase section */
		53E383792C2443B300D7BD22 /* Frameworks */ = {
			isa = PBXFrameworksBuildPhase;
			buildActionMask = 2147483647;
			files = (
				1EE58818EA8039D88A1AFE30 /* Pods_Google_Cloud_SpeechToText.framework in Frameworks */,
				53E1C87D2C245249007CF3C4 /* MicrophonePermission in Frameworks */,
			);
			runOnlyForDeploymentPostprocessing = 0;
		};
/* End PBXFrameworksBuildPhase section */

/* Begin PBXGroup section */
		151715597B472AAFE74A3380 /* Frameworks */ = {
			isa = PBXGroup;
			children = (
				5A49605DFA2F7D4EEEFFDBB7 /* Pods_Google_Cloud_SpeechToText.framework */,
			);
			name = Frameworks;
			sourceTree = "<group>";
		};
		53E383732C2443B300D7BD22 = {
			isa = PBXGroup;
			children = (
				53E3837E2C2443B300D7BD22 /* Google-Cloud-SpeechToText */,
				53E3837D2C2443B300D7BD22 /* Products */,
				55B2A418D025DC188D15C08C /* Pods */,
				151715597B472AAFE74A3380 /* Frameworks */,
			);
			sourceTree = "<group>";
		};
		53E3837D2C2443B300D7BD22 /* Products */ = {
			isa = PBXGroup;
			children = (
				53E3837C2C2443B300D7BD22 /* Google-Cloud-SpeechToText.app */,
			);
			name = Products;
			sourceTree = "<group>";
		};
		53E3837E2C2443B300D7BD22 /* Google-Cloud-SpeechToText */ = {
			isa = PBXGroup;
			children = (
				53E383902C24455700D7BD22 /* GoogleSpeechToText */,
				53E3838D2C24455700D7BD22 /* Speech-Bridging-Header.h */,
				53E3837F2C2443B300D7BD22 /* MainApp.swift */,
				53E383812C2443B300D7BD22 /* ContentView.swift */,
				53E383832C2443B400D7BD22 /* Assets.xcassets */,
				53E383852C2443B400D7BD22 /* Preview Content */,
				5369F0F92C2449D100D360FE /* MainViewModel.swift */,
				5369F0FD2C244F2000D360FE /* Extension.swift */,
			);
			path = "Google-Cloud-SpeechToText";
			sourceTree = "<group>";
		};
		53E383852C2443B400D7BD22 /* Preview Content */ = {
			isa = PBXGroup;
			children = (
				53E383862C2443B400D7BD22 /* Preview Assets.xcassets */,
			);
			path = "Preview Content";
			sourceTree = "<group>";
		};
		53E383902C24455700D7BD22 /* GoogleSpeechToText */ = {
			isa = PBXGroup;
			children = (
				53E3838E2C24455700D7BD22 /* AudioController.swift */,
				53E3838F2C24455700D7BD22 /* SpeechRecognitionService.swift */,
			);
			path = GoogleSpeechToText;
			sourceTree = "<group>";
		};
		55B2A418D025DC188D15C08C /* Pods */ = {
			isa = PBXGroup;
			children = (
				928137E67785A770A5179276 /* Pods-Google-Cloud-SpeechToText.debug.xcconfig */,
				A76A04D7642E2F20B6876B33 /* Pods-Google-Cloud-SpeechToText.release.xcconfig */,
			);
			path = Pods;
			sourceTree = "<group>";
		};
/* End PBXGroup section */

/* Begin PBXNativeTarget section */
		53E3837B2C2443B300D7BD22 /* Google-Cloud-SpeechToText */ = {
			isa = PBXNativeTarget;
			buildConfigurationList = 53E3838A2C2443B400D7BD22 /* Build configuration list for PBXNativeTarget "Google-Cloud-SpeechToText" */;
			buildPhases = (
				4DD00E065B2F195110D478AE /* [CP] Check Pods Manifest.lock */,
				53E383782C2443B300D7BD22 /* Sources */,
				53E383792C2443B300D7BD22 /* Frameworks */,
				53E3837A2C2443B300D7BD22 /* Resources */,
				844C32D647C415342002BFD4 /* [CP] Embed Pods Frameworks */,
			);
			buildRules = (
			);
			dependencies = (
			);
			name = "Google-Cloud-SpeechToText";
			packageProductDependencies = (
				53E1C87C2C245249007CF3C4 /* MicrophonePermission */,
			);
			productName = "Google-Cloud-SpeechToText";
			productReference = 53E3837C2C2443B300D7BD22 /* Google-Cloud-SpeechToText.app */;
			productType = "com.apple.product-type.application";
		};
/* End PBXNativeTarget section */

/* Begin PBXProject section */
		53E383742C2443B300D7BD22 /* Project object */ = {
			isa = PBXProject;
			attributes = {
				BuildIndependentTargetsInParallel = 1;
				LastSwiftUpdateCheck = 1540;
				LastUpgradeCheck = 1540;
				TargetAttributes = {
					53E3837B2C2443B300D7BD22 = {
						CreatedOnToolsVersion = 15.4;
					};
				};
			};
			buildConfigurationList = 53E383772C2443B300D7BD22 /* Build configuration list for PBXProject "Google-Cloud-SpeechToText" */;
			compatibilityVersion = "Xcode 14.0";
			developmentRegion = en;
			hasScannedForEncodings = 0;
			knownRegions = (
				en,
				Base,
			);
			mainGroup = 53E383732C2443B300D7BD22;
			packageReferences = (
				53E1C87B2C245249007CF3C4 /* XCRemoteSwiftPackageReference "PermissionsKit" */,
			);
			productRefGroup = 53E3837D2C2443B300D7BD22 /* Products */;
			projectDirPath = "";
			projectRoot = "";
			targets = (
				53E3837B2C2443B300D7BD22 /* Google-Cloud-SpeechToText */,
			);
		};
/* End PBXProject section */

/* Begin PBXResourcesBuildPhase section */
		53E3837A2C2443B300D7BD22 /* Resources */ = {
			isa = PBXResourcesBuildPhase;
			buildActionMask = 2147483647;
			files = (
				53E383872C2443B400D7BD22 /* Preview Assets.xcassets in Resources */,
				53E383842C2443B400D7BD22 /* Assets.xcassets in Resources */,
			);
			runOnlyForDeploymentPostprocessing = 0;
		};
/* End PBXResourcesBuildPhase section */

/* Begin PBXShellScriptBuildPhase section */
		4DD00E065B2F195110D478AE /* [CP] Check Pods Manifest.lock */ = {
			isa = PBXShellScriptBuildPhase;
			buildActionMask = 2147483647;
			files = (
			);
			inputFileListPaths = (
			);
			inputPaths = (
				"${PODS_PODFILE_DIR_PATH}/Podfile.lock",
				"${PODS_ROOT}/Manifest.lock",
			);
			name = "[CP] Check Pods Manifest.lock";
			outputFileListPaths = (
			);
			outputPaths = (
				"$(DERIVED_FILE_DIR)/Pods-Google-Cloud-SpeechToText-checkManifestLockResult.txt",
			);
			runOnlyForDeploymentPostprocessing = 0;
			shellPath = /bin/sh;
			shellScript = "diff \"${PODS_PODFILE_DIR_PATH}/Podfile.lock\" \"${PODS_ROOT}/Manifest.lock\" > /dev/null\nif [ $? != 0 ] ; then\n    # print error to STDERR\n    echo \"error: The sandbox is not in sync with the Podfile.lock. Run 'pod install' or update your CocoaPods installation.\" >&2\n    exit 1\nfi\n# This output is used by Xcode 'outputs' to avoid re-running this script phase.\necho \"SUCCESS\" > \"${SCRIPT_OUTPUT_FILE_0}\"\n";
			showEnvVarsInLog = 0;
		};
		844C32D647C415342002BFD4 /* [CP] Embed Pods Frameworks */ = {
			isa = PBXShellScriptBuildPhase;
			buildActionMask = 2147483647;
			files = (
			);
			inputFileListPaths = (
				"${PODS_ROOT}/Target Support Files/Pods-Google-Cloud-SpeechToText/Pods-Google-Cloud-SpeechToText-frameworks-${CONFIGURATION}-input-files.xcfilelist",
			);
			name = "[CP] Embed Pods Frameworks";
			outputFileListPaths = (
				"${PODS_ROOT}/Target Support Files/Pods-Google-Cloud-SpeechToText/Pods-Google-Cloud-SpeechToText-frameworks-${CONFIGURATION}-output-files.xcfilelist",
			);
			runOnlyForDeploymentPostprocessing = 0;
			shellPath = /bin/sh;
			shellScript = "\"${PODS_ROOT}/Target Support Files/Pods-Google-Cloud-SpeechToText/Pods-Google-Cloud-SpeechToText-frameworks.sh\"\n";
			showEnvVarsInLog = 0;
		};
/* End PBXShellScriptBuildPhase section */

/* Begin PBXSourcesBuildPhase section */
		53E383782C2443B300D7BD22 /* Sources */ = {
			isa = PBXSourcesBuildPhase;
			buildActionMask = 2147483647;
			files = (
				5369F0FA2C2449D100D360FE /* MainViewModel.swift in Sources */,
				53E383822C2443B300D7BD22 /* ContentView.swift in Sources */,
				53E383912C24455700D7BD22 /* AudioController.swift in Sources */,
				5369F0FE2C244F2000D360FE /* Extension.swift in Sources */,
				53E383802C2443B300D7BD22 /* MainApp.swift in Sources */,
				53E383922C24455700D7BD22 /* SpeechRecognitionService.swift in Sources */,
			);
			runOnlyForDeploymentPostprocessing = 0;
		};
/* End PBXSourcesBuildPhase section */

/* Begin XCBuildConfiguration section */
		53E383882C2443B400D7BD22 /* Debug */ = {
			isa = XCBuildConfiguration;
			buildSettings = {
				ALWAYS_SEARCH_USER_PATHS = NO;
				ASSETCATALOG_COMPILER_GENERATE_SWIFT_ASSET_SYMBOL_EXTENSIONS = YES;
				CLANG_ANALYZER_NONNULL = YES;
				CLANG_ANALYZER_NUMBER_OBJECT_CONVERSION = YES_AGGRESSIVE;
				CLANG_CXX_LANGUAGE_STANDARD = "gnu++20";
				CLANG_ENABLE_MODULES = YES;
				CLANG_ENABLE_OBJC_ARC = YES;
				CLANG_ENABLE_OBJC_WEAK = YES;
				CLANG_WARN_BLOCK_CAPTURE_AUTORELEASING = YES;
				CLANG_WARN_BOOL_CONVERSION = YES;
				CLANG_WARN_COMMA = YES;
				CLANG_WARN_CONSTANT_CONVERSION = YES;
				CLANG_WARN_DEPRECATED_OBJC_IMPLEMENTATIONS = YES;
				CLANG_WARN_DIRECT_OBJC_ISA_USAGE = YES_ERROR;
				CLANG_WARN_DOCUMENTATION_COMMENTS = YES;
				CLANG_WARN_EMPTY_BODY = YES;
				CLANG_WARN_ENUM_CONVERSION = YES;
				CLANG_WARN_INFINITE_RECURSION = YES;
				CLANG_WARN_INT_CONVERSION = YES;
				CLANG_WARN_NON_LITERAL_NULL_CONVERSION = YES;
				CLANG_WARN_OBJC_IMPLICIT_RETAIN_SELF = YES;
				CLANG_WARN_OBJC_LITERAL_CONVERSION = YES;
				CLANG_WARN_OBJC_ROOT_CLASS = YES_ERROR;
				CLANG_WARN_QUOTED_INCLUDE_IN_FRAMEWORK_HEADER = YES;
				CLANG_WARN_RANGE_LOOP_ANALYSIS = YES;
				CLANG_WARN_STRICT_PROTOTYPES = YES;
				CLANG_WARN_SUSPICIOUS_MOVE = YES;
				CLANG_WARN_UNGUARDED_AVAILABILITY = YES_AGGRESSIVE;
				CLANG_WARN_UNREACHABLE_CODE = YES;
				CLANG_WARN__DUPLICATE_METHOD_MATCH = YES;
				COPY_PHASE_STRIP = NO;
				DEBUG_INFORMATION_FORMAT = dwarf;
				ENABLE_STRICT_OBJC_MSGSEND = YES;
				ENABLE_TESTABILITY = YES;
				ENABLE_USER_SCRIPT_SANDBOXING = YES;
				GCC_C_LANGUAGE_STANDARD = gnu17;
				GCC_DYNAMIC_NO_PIC = NO;
				GCC_NO_COMMON_BLOCKS = YES;
				GCC_OPTIMIZATION_LEVEL = 0;
				GCC_PREPROCESSOR_DEFINITIONS = (
					"DEBUG=1",
					"$(inherited)",
				);
				GCC_WARN_64_TO_32_BIT_CONVERSION = YES;
				GCC_WARN_ABOUT_RETURN_TYPE = YES_ERROR;
				GCC_WARN_UNDECLARED_SELECTOR = YES;
				GCC_WARN_UNINITIALIZED_AUTOS = YES_AGGRESSIVE;
				GCC_WARN_UNUSED_FUNCTION = YES;
				GCC_WARN_UNUSED_VARIABLE = YES;
				IPHONEOS_DEPLOYMENT_TARGET = 17.5;
				LOCALIZATION_PREFERS_STRING_CATALOGS = YES;
				MTL_ENABLE_DEBUG_INFO = INCLUDE_SOURCE;
				MTL_FAST_MATH = YES;
				ONLY_ACTIVE_ARCH = YES;
				SDKROOT = iphoneos;
				SWIFT_ACTIVE_COMPILATION_CONDITIONS = "DEBUG $(inherited)";
				SWIFT_OPTIMIZATION_LEVEL = "-Onone";
			};
			name = Debug;
		};
		53E383892C2443B400D7BD22 /* Release */ = {
			isa = XCBuildConfiguration;
			buildSettings = {
				ALWAYS_SEARCH_USER_PATHS = NO;
				ASSETCATALOG_COMPILER_GENERATE_SWIFT_ASSET_SYMBOL_EXTENSIONS = YES;
				CLANG_ANALYZER_NONNULL = YES;
				CLANG_ANALYZER_NUMBER_OBJECT_CONVERSION = YES_AGGRESSIVE;
				CLANG_CXX_LANGUAGE_STANDARD = "gnu++20";
				CLANG_ENABLE_MODULES = YES;
				CLANG_ENABLE_OBJC_ARC = YES;
				CLANG_ENABLE_OBJC_WEAK = YES;
				CLANG_WARN_BLOCK_CAPTURE_AUTORELEASING = YES;
				CLANG_WARN_BOOL_CONVERSION = YES;
				CLANG_WARN_COMMA = YES;
				CLANG_WARN_CONSTANT_CONVERSION = YES;
				CLANG_WARN_DEPRECATED_OBJC_IMPLEMENTATIONS = YES;
				CLANG_WARN_DIRECT_OBJC_ISA_USAGE = YES_ERROR;
				CLANG_WARN_DOCUMENTATION_COMMENTS = YES;
				CLANG_WARN_EMPTY_BODY = YES;
				CLANG_WARN_ENUM_CONVERSION = YES;
				CLANG_WARN_INFINITE_RECURSION = YES;
				CLANG_WARN_INT_CONVERSION = YES;
				CLANG_WARN_NON_LITERAL_NULL_CONVERSION = YES;
				CLANG_WARN_OBJC_IMPLICIT_RETAIN_SELF = YES;
				CLANG_WARN_OBJC_LITERAL_CONVERSION = YES;
				CLANG_WARN_OBJC_ROOT_CLASS = YES_ERROR;
				CLANG_WARN_QUOTED_INCLUDE_IN_FRAMEWORK_HEADER = YES;
				CLANG_WARN_RANGE_LOOP_ANALYSIS = YES;
				CLANG_WARN_STRICT_PROTOTYPES = YES;
				CLANG_WARN_SUSPICIOUS_MOVE = YES;
				CLANG_WARN_UNGUARDED_AVAILABILITY = YES_AGGRESSIVE;
				CLANG_WARN_UNREACHABLE_CODE = YES;
				CLANG_WARN__DUPLICATE_METHOD_MATCH = YES;
				COPY_PHASE_STRIP = NO;
				DEBUG_INFORMATION_FORMAT = "dwarf-with-dsym";
				ENABLE_NS_ASSERTIONS = NO;
				ENABLE_STRICT_OBJC_MSGSEND = YES;
				ENABLE_USER_SCRIPT_SANDBOXING = YES;
				GCC_C_LANGUAGE_STANDARD = gnu17;
				GCC_NO_COMMON_BLOCKS = YES;
				GCC_WARN_64_TO_32_BIT_CONVERSION = YES;
				GCC_WARN_ABOUT_RETURN_TYPE = YES_ERROR;
				GCC_WARN_UNDECLARED_SELECTOR = YES;
				GCC_WARN_UNINITIALIZED_AUTOS = YES_AGGRESSIVE;
				GCC_WARN_UNUSED_FUNCTION = YES;
				GCC_WARN_UNUSED_VARIABLE = YES;
				IPHONEOS_DEPLOYMENT_TARGET = 17.5;
				LOCALIZATION_PREFERS_STRING_CATALOGS = YES;
				MTL_ENABLE_DEBUG_INFO = NO;
				MTL_FAST_MATH = YES;
				SDKROOT = iphoneos;
				SWIFT_COMPILATION_MODE = wholemodule;
				VALIDATE_PRODUCT = YES;
			};
			name = Release;
		};
		53E3838B2C2443B400D7BD22 /* Debug */ = {
			isa = XCBuildConfiguration;
			baseConfigurationReference = 928137E67785A770A5179276 /* Pods-Google-Cloud-SpeechToText.debug.xcconfig */;
			buildSettings = {
				ASSETCATALOG_COMPILER_APPICON_NAME = AppIcon;
				ASSETCATALOG_COMPILER_GLOBAL_ACCENT_COLOR_NAME = AccentColor;
				CODE_SIGN_STYLE = Automatic;
				CURRENT_PROJECT_VERSION = 1;
				DEVELOPMENT_ASSET_PATHS = "\"Google-Cloud-SpeechToText/Preview Content\"";
				DEVELOPMENT_TEAM = MHT8X3GHR9;
				ENABLE_PREVIEWS = YES;
				ENABLE_USER_SCRIPT_SANDBOXING = NO;
				GENERATE_INFOPLIST_FILE = YES;
				INFOPLIST_KEY_NSMicrophoneUsageDescription = "Speech recognition needs microphone permission to get your voice";
				INFOPLIST_KEY_UIApplicationSceneManifest_Generation = YES;
				INFOPLIST_KEY_UIApplicationSupportsIndirectInputEvents = YES;
				INFOPLIST_KEY_UILaunchScreen_Generation = YES;
				INFOPLIST_KEY_UISupportedInterfaceOrientations_iPad = "UIInterfaceOrientationPortrait UIInterfaceOrientationPortraitUpsideDown UIInterfaceOrientationLandscapeLeft UIInterfaceOrientationLandscapeRight";
				INFOPLIST_KEY_UISupportedInterfaceOrientations_iPhone = "UIInterfaceOrientationPortrait UIInterfaceOrientationLandscapeLeft UIInterfaceOrientationLandscapeRight";
				IPHONEOS_DEPLOYMENT_TARGET = 17.0;
				LD_RUNPATH_SEARCH_PATHS = (
					"$(inherited)",
					"@executable_path/Frameworks",
				);
				MARKETING_VERSION = 1.0;
				PRODUCT_BUNDLE_IDENTIFIER = "com.akardas16.Google-Cloud-SpeechToText";
				PRODUCT_NAME = "$(TARGET_NAME)";
				SWIFT_EMIT_LOC_STRINGS = YES;
				SWIFT_VERSION = 5.0;
				TARGETED_DEVICE_FAMILY = "1,2";
			};
			name = Debug;
		};
		53E3838C2C2443B400D7BD22 /* Release */ = {
			isa = XCBuildConfiguration;
			baseConfigurationReference = A76A04D7642E2F20B6876B33 /* Pods-Google-Cloud-SpeechToText.release.xcconfig */;
			buildSettings = {
				ASSETCATALOG_COMPILER_APPICON_NAME = AppIcon;
				ASSETCATALOG_COMPILER_GLOBAL_ACCENT_COLOR_NAME = AccentColor;
				CODE_SIGN_STYLE = Automatic;
				CURRENT_PROJECT_VERSION = 1;
				DEVELOPMENT_ASSET_PATHS = "\"Google-Cloud-SpeechToText/Preview Content\"";
				DEVELOPMENT_TEAM = MHT8X3GHR9;
				ENABLE_PREVIEWS = YES;
				ENABLE_USER_SCRIPT_SANDBOXING = NO;
				GENERATE_INFOPLIST_FILE = YES;
				INFOPLIST_KEY_NSMicrophoneUsageDescription = "Speech recognition needs microphone permission to get your voice";
				INFOPLIST_KEY_UIApplicationSceneManifest_Generation = YES;
				INFOPLIST_KEY_UIApplicationSupportsIndirectInputEvents = YES;
				INFOPLIST_KEY_UILaunchScreen_Generation = YES;
				INFOPLIST_KEY_UISupportedInterfaceOrientations_iPad = "UIInterfaceOrientationPortrait UIInterfaceOrientationPortraitUpsideDown UIInterfaceOrientationLandscapeLeft UIInterfaceOrientationLandscapeRight";
				INFOPLIST_KEY_UISupportedInterfaceOrientations_iPhone = "UIInterfaceOrientationPortrait UIInterfaceOrientationLandscapeLeft UIInterfaceOrientationLandscapeRight";
				IPHONEOS_DEPLOYMENT_TARGET = 17.0;
				LD_RUNPATH_SEARCH_PATHS = (
					"$(inherited)",
					"@executable_path/Frameworks",
				);
				MARKETING_VERSION = 1.0;
				PRODUCT_BUNDLE_IDENTIFIER = "com.akardas16.Google-Cloud-SpeechToText";
				PRODUCT_NAME = "$(TARGET_NAME)";
				SWIFT_EMIT_LOC_STRINGS = YES;
				SWIFT_VERSION = 5.0;
				TARGETED_DEVICE_FAMILY = "1,2";
			};
			name = Release;
		};
/* End XCBuildConfiguration section */

/* Begin XCConfigurationList section */
		53E383772C2443B300D7BD22 /* Build configuration list for PBXProject "Google-Cloud-SpeechToText" */ = {
			isa = XCConfigurationList;
			buildConfigurations = (
				53E383882C2443B400D7BD22 /* Debug */,
				53E383892C2443B400D7BD22 /* Release */,
			);
			defaultConfigurationIsVisible = 0;
			defaultConfigurationName = Release;
		};
		53E3838A2C2443B400D7BD22 /* Build configuration list for PBXNativeTarget "Google-Cloud-SpeechToText" */ = {
			isa = XCConfigurationList;
			buildConfigurations = (
				53E3838B2C2443B400D7BD22 /* Debug */,
				53E3838C2C2443B400D7BD22 /* Release */,
			);
			defaultConfigurationIsVisible = 0;
			defaultConfigurationName = Release;
		};
/* End XCConfigurationList section */

/* Begin XCRemoteSwiftPackageReference section */
		53E1C87B2C245249007CF3C4 /* XCRemoteSwiftPackageReference "PermissionsKit" */ = {
			isa = XCRemoteSwiftPackageReference;
			repositoryURL = "https://github.com/sparrowcode/PermissionsKit";
			requirement = {
				kind = upToNextMajorVersion;
				minimumVersion = 10.0.1;
			};
		};
/* End XCRemoteSwiftPackageReference section */

/* Begin XCSwiftPackageProductDependency section */
		53E1C87C2C245249007CF3C4 /* MicrophonePermission */ = {
			isa = XCSwiftPackageProductDependency;
			package = 53E1C87B2C245249007CF3C4 /* XCRemoteSwiftPackageReference "PermissionsKit" */;
			productName = MicrophonePermission;
		};
/* End XCSwiftPackageProductDependency section */
	};
	rootObject = 53E383742C2443B300D7BD22 /* Project object */;
}
